{
  "name": "font_webatlas",
  "version": "1.0.1",
  "lockfileVersion": 1,
  "requires": true,
  "dependencies": {
    "font_logos": {
      "version": "1.0.0",
      "resolved": "git+https://github.com/lgmoraes/Font_logos.git#784f2e47c0ae5c1ed3ec6a73c48c65f0224ccc16",
      "optional": true
    }
  }
}
