{
  "name": "font_webatlas",
  "version": "1.0.1",
  "lockfileVersion": 1,
  "requires": true,
  "dependencies": {
    "font_logos": {
      "version": "1.0.0",
      "resolved": "git+https://github.com/lgmoraes/Font_logos.git#82d80409a5b1cc73d768bd2163bcee7af79e642f",
      "optional": true
    }
  }
}
